
Microsoft Visual Studio Solution File, Format Version 12.00
# Visual Studio 15
VisualStudioVersion = 15.0.28010.2046
MinimumVisualStudioVersion = 10.0.40219.1
Project("{8BC9CEB8-8B4A-11D0-8D11-00A0C91BC942}") = "NewAssemblyProject", "NewAssemblyProject\NewAssemblyProject.vcxproj", "{DDDDB37D-2E65-474C-A12E-5431818B5D0A}"
EndProject
Global
	GlobalSection(SolutionConfigurationPlatforms) = preSolution
		Debug|x64 = Debug|x64
		Debug|x86 = Debug|x86
		Release|x64 = Release|x64
		Release|x86 = Release|x86
	EndGlobalSection
	GlobalSection(ProjectConfigurationPlatforms) = postSolution
		{DDDDB37D-2E65-474C-A12E-5431818B5D0A}.Debug|x64.ActiveCfg = Debug|x64
		{DDDDB37D-2E65-474C-A12E-5431818B5D0A}.Debug|x64.Build.0 = Debug|x64
		{DDDDB37D-2E65-474C-A12E-5431818B5D0A}.Debug|x86.ActiveCfg = Debug|Win32
		{DDDDB37D-2E65-474C-A12E-5431818B5D0A}.Debug|x86.Build.0 = Debug|Win32
		{DDDDB37D-2E65-474C-A12E-5431818B5D0A}.Release|x64.ActiveCfg = Release|x64
		{DDDDB37D-2E65-474C-A12E-5431818B5D0A}.Release|x64.Build.0 = Release|x64
		{DDDDB37D-2E65-474C-A12E-5431818B5D0A}.Release|x86.ActiveCfg = Release|Win32
		{DDDDB37D-2E65-474C-A12E-5431818B5D0A}.Release|x86.Build.0 = Release|Win32
	EndGlobalSection
	GlobalSection(SolutionProperties) = preSolution
		HideSolutionNode = FALSE
	EndGlobalSection
	GlobalSection(ExtensibilityGlobals) = postSolution
		SolutionGuid = {835B5F27-DE33-48D1-947A-E97CA42115EF}
	EndGlobalSection
EndGlobal
